
Microsoft Visual Studio Solution File, Format Version 12.00
# Visual Studio Version 17
VisualStudioVersion = 17.6.33829.357
MinimumVisualStudioVersion = 10.0.40219.1
Project("{FAE04EC0-301F-11D3-BF4B-00C04F79EFBC}") = "devnetcloud", "devnetcloud\devnetcloud.csproj", "{DEED8EC1-E1F3-48B8-920E-CD5B065CEB3B}"
EndProject
Global
	GlobalSection(SolutionConfigurationPlatforms) = preSolution
		Debug|Any CPU = Debug|Any CPU
		Release|Any CPU = Release|Any CPU
	EndGlobalSection
	GlobalSection(ProjectConfigurationPlatforms) = postSolution
		{DEED8EC1-E1F3-48B8-920E-CD5B065CEB3B}.Debug|Any CPU.ActiveCfg = Debug|Any CPU
		{DEED8EC1-E1F3-48B8-920E-CD5B065CEB3B}.Debug|Any CPU.Build.0 = Debug|Any CPU
		{DEED8EC1-E1F3-48B8-920E-CD5B065CEB3B}.Release|Any CPU.ActiveCfg = Release|Any CPU
		{DEED8EC1-E1F3-48B8-920E-CD5B065CEB3B}.Release|Any CPU.Build.0 = Release|Any CPU
	EndGlobalSection
	GlobalSection(SolutionProperties) = preSolution
		HideSolutionNode = FALSE
	EndGlobalSection
	GlobalSection(ExtensibilityGlobals) = postSolution
		SolutionGuid = {8D7A593E-79CF-4312-B87C-C08AC587116E}
	EndGlobalSection
EndGlobal
